<Solution>
  <Folder Name="/Itens de Solução/">
    <File Path=".gitignore" />
  </Folder>
  <Project Path="ClyvoDayApiWeb.Infrastructure/ClyvoDayApiWeb.Infrastructure.csproj" Id="98d3cf20-170c-47e5-9fb9-7b9063f2b51c" />
  <Project Path="ClyvoDayApiWeb.Integration.Tests/ClyvoDayApiWeb.Integration.Tests.csproj" Id="13e8f76a-3701-45f8-a3de-89c10651b9e4" />
  <Project Path="ClyvoDayApiWeb.Unit.Tests/ClyvoDayApiWeb.Unit.Tests.csproj" Id="781e7880-725c-4a91-af5e-d28f86dc2bb1" />
  <Project Path="ClyvoDayApiWeb/ClyvoDayApiWeb.csproj" />
</Solution>
